
Microsoft Visual Studio Solution File, Format Version 12.00
# Visual Studio Version 17
VisualStudioVersion = 17.14.36915.13 d17.14
MinimumVisualStudioVersion = 10.0.40219.1
Project("{FAE04EC0-301F-11D3-BF4B-00C04F79EFBC}") = "WinPEInstallerApp", "WinPEInstallerApp.csproj", "{7E27D255-02FE-47CC-8BCA-3FE449021F58}"
EndProject
Global
	GlobalSection(SolutionConfigurationPlatforms) = preSolution
		Debug|Any CPU = Debug|Any CPU
		Release|Any CPU = Release|Any CPU
	EndGlobalSection
	GlobalSection(ProjectConfigurationPlatforms) = postSolution
		{7E27D255-02FE-47CC-8BCA-3FE449021F58}.Debug|Any CPU.ActiveCfg = Debug|Any CPU
		{7E27D255-02FE-47CC-8BCA-3FE449021F58}.Debug|Any CPU.Build.0 = Debug|Any CPU
		{7E27D255-02FE-47CC-8BCA-3FE449021F58}.Release|Any CPU.ActiveCfg = Release|Any CPU
		{7E27D255-02FE-47CC-8BCA-3FE449021F58}.Release|Any CPU.Build.0 = Release|Any CPU
	EndGlobalSection
	GlobalSection(SolutionProperties) = preSolution
		HideSolutionNode = FALSE
	EndGlobalSection
	GlobalSection(ExtensibilityGlobals) = postSolution
		SolutionGuid = {782EC39D-8024-4E63-AE09-8FB9AD98DB78}
	EndGlobalSection
EndGlobal
